
Microsoft Visual Studio Solution File, Format Version 12.00
# Visual Studio Version 16
VisualStudioVersion = 16.0.31105.61
MinimumVisualStudioVersion = 10.0.40219.1
Project("{FAE04EC0-301F-11D3-BF4B-00C04F79EFBC}") = "form", "form\form.csproj", "{324515C3-4808-4F0C-918E-671A5BB0F3B3}"
EndProject
Global
	GlobalSection(SolutionConfigurationPlatforms) = preSolution
		Debug|Any CPU = Debug|Any CPU
		Release|Any CPU = Release|Any CPU
	EndGlobalSection
	GlobalSection(ProjectConfigurationPlatforms) = postSolution
		{324515C3-4808-4F0C-918E-671A5BB0F3B3}.Debug|Any CPU.ActiveCfg = Debug|Any CPU
		{324515C3-4808-4F0C-918E-671A5BB0F3B3}.Debug|Any CPU.Build.0 = Debug|Any CPU
		{324515C3-4808-4F0C-918E-671A5BB0F3B3}.Release|Any CPU.ActiveCfg = Release|Any CPU
		{324515C3-4808-4F0C-918E-671A5BB0F3B3}.Release|Any CPU.Build.0 = Release|Any CPU
	EndGlobalSection
	GlobalSection(SolutionProperties) = preSolution
		HideSolutionNode = FALSE
	EndGlobalSection
	GlobalSection(ExtensibilityGlobals) = postSolution
		SolutionGuid = {2B72192B-E80D-4132-A966-C5BA2DC65450}
	EndGlobalSection
EndGlobal
